// !$*UTF8*$!
{
	archiveVersion = 1;
	classes = {
	};
	objectVersion = 56;
	objects = {

/* Begin PBXBuildFile section */
		C1B07A5E2B13959B00074FAF /* personalEncyclopediaApp.swift in Sources */ = {isa = PBXBuildFile; fileRef = C1B07A5D2B13959B00074FAF /* personalEncyclopediaApp.swift */; };
		C1B07A622B13959C00074FAF /* Assets.xcassets in Resources */ = {isa = PBXBuildFile; fileRef = C1B07A612B13959C00074FAF /* Assets.xcassets */; };
		C1B07A652B13959C00074FAF /* Preview Assets.xcassets in Resources */ = {isa = PBXBuildFile; fileRef = C1B07A642B13959C00074FAF /* Preview Assets.xcassets */; };
		C1B07A6F2B13959C00074FAF /* personalEncyclopediaTests.swift in Sources */ = {isa = PBXBuildFile; fileRef = C1B07A6E2B13959C00074FAF /* personalEncyclopediaTests.swift */; };
		C1B07A792B13959C00074FAF /* personalEncyclopediaUITests.swift in Sources */ = {isa = PBXBuildFile; fileRef = C1B07A782B13959C00074FAF /* personalEncyclopediaUITests.swift */; };
		C1B07A7B2B13959C00074FAF /* personalEncyclopediaUITestsLaunchTests.swift in Sources */ = {isa = PBXBuildFile; fileRef = C1B07A7A2B13959C00074FAF /* personalEncyclopediaUITestsLaunchTests.swift */; };
		C1B07A8C2B1396B500074FAF /* bottom_sheet.swift in Sources */ = {isa = PBXBuildFile; fileRef = C1B07A8B2B1396B500074FAF /* bottom_sheet.swift */; };
		C1B07A8F2B1397D900074FAF /* tab_view_with_pagination.swift in Sources */ = {isa = PBXBuildFile; fileRef = C1B07A8E2B1397D900074FAF /* tab_view_with_pagination.swift */; };
		C1B07A952B13994C00074FAF /* without_modifier.swift in Sources */ = {isa = PBXBuildFile; fileRef = C1B07A942B13994C00074FAF /* without_modifier.swift */; };
		C1B07A972B13996900074FAF /* with_modifier.swift in Sources */ = {isa = PBXBuildFile; fileRef = C1B07A962B13996900074FAF /* with_modifier.swift */; };
		C1B07A9A2B139A5500074FAF /* receiving_generic_params.swift in Sources */ = {isa = PBXBuildFile; fileRef = C1B07A992B139A5500074FAF /* receiving_generic_params.swift */; };
		C1B07A9E2B139B0000074FAF /* breathing_circles.swift in Sources */ = {isa = PBXBuildFile; fileRef = C1B07A9D2B139B0000074FAF /* breathing_circles.swift */; };
		C1B07AA02B139B3E00074FAF /* record_player_with_anchor.swift in Sources */ = {isa = PBXBuildFile; fileRef = C1B07A9F2B139B3E00074FAF /* record_player_with_anchor.swift */; };
		C1B07AA32B139B8200074FAF /* vitrola_add_ancora_nas_animacoes.m4a in Resources */ = {isa = PBXBuildFile; fileRef = C1B07AA22B139B8200074FAF /* vitrola_add_ancora_nas_animacoes.m4a */; };
		C1B07AA42B139B8200074FAF /* vitrola_add_ancora_nas_animacoes.m4a in Resources */ = {isa = PBXBuildFile; fileRef = C1B07AA22B139B8200074FAF /* vitrola_add_ancora_nas_animacoes.m4a */; };
		C1B07AA52B139B8200074FAF /* vitrola_add_ancora_nas_animacoes.m4a in Resources */ = {isa = PBXBuildFile; fileRef = C1B07AA22B139B8200074FAF /* vitrola_add_ancora_nas_animacoes.m4a */; };
		C1B07AA72B139D4A00074FAF /* color_animation_hue_rotation.swift in Sources */ = {isa = PBXBuildFile; fileRef = C1B07AA62B139D4A00074FAF /* color_animation_hue_rotation.swift */; };
		C1B07AA82B139D4A00074FAF /* color_animation_hue_rotation.swift in Sources */ = {isa = PBXBuildFile; fileRef = C1B07AA62B139D4A00074FAF /* color_animation_hue_rotation.swift */; };
		C1B07AA92B139D4A00074FAF /* color_animation_hue_rotation.swift in Sources */ = {isa = PBXBuildFile; fileRef = C1B07AA62B139D4A00074FAF /* color_animation_hue_rotation.swift */; };
		C1B07AAB2B139F0300074FAF /* breathing_flower_with_emitter.swift in Sources */ = {isa = PBXBuildFile; fileRef = C1B07AAA2B139F0300074FAF /* breathing_flower_with_emitter.swift */; };
		C1B07AAC2B139F0300074FAF /* breathing_flower_with_emitter.swift in Sources */ = {isa = PBXBuildFile; fileRef = C1B07AAA2B139F0300074FAF /* breathing_flower_with_emitter.swift */; };
		C1B07AAD2B139F0300074FAF /* breathing_flower_with_emitter.swift in Sources */ = {isa = PBXBuildFile; fileRef = C1B07AAA2B139F0300074FAF /* breathing_flower_with_emitter.swift */; };
		C1B07AAF2B139F8900074FAF /* flying_bird.swift in Sources */ = {isa = PBXBuildFile; fileRef = C1B07AAE2B139F8900074FAF /* flying_bird.swift */; };
		C1B07AB02B139F8900074FAF /* flying_bird.swift in Sources */ = {isa = PBXBuildFile; fileRef = C1B07AAE2B139F8900074FAF /* flying_bird.swift */; };
		C1B07AB12B139F8900074FAF /* flying_bird.swift in Sources */ = {isa = PBXBuildFile; fileRef = C1B07AAE2B139F8900074FAF /* flying_bird.swift */; };
		C1B07AB32B139FEA00074FAF /* sprite_kit_physics.swift in Sources */ = {isa = PBXBuildFile; fileRef = C1B07AB22B139FEA00074FAF /* sprite_kit_physics.swift */; };
		C1B07AB42B139FEA00074FAF /* sprite_kit_physics.swift in Sources */ = {isa = PBXBuildFile; fileRef = C1B07AB22B139FEA00074FAF /* sprite_kit_physics.swift */; };
		C1B07AB52B139FEA00074FAF /* sprite_kit_physics.swift in Sources */ = {isa = PBXBuildFile; fileRef = C1B07AB22B139FEA00074FAF /* sprite_kit_physics.swift */; };
		C1B07AB82B13A08D00074FAF /* Color+.swift in Sources */ = {isa = PBXBuildFile; fileRef = C1B07AB72B13A08D00074FAF /* Color+.swift */; };
		C1B07AB92B13A08D00074FAF /* Color+.swift in Sources */ = {isa = PBXBuildFile; fileRef = C1B07AB72B13A08D00074FAF /* Color+.swift */; };
		C1B07ABA2B13A08D00074FAF /* Color+.swift in Sources */ = {isa = PBXBuildFile; fileRef = C1B07AB72B13A08D00074FAF /* Color+.swift */; };
/* End PBXBuildFile section */

/* Begin PBXContainerItemProxy section */
		C1B07A6B2B13959C00074FAF /* PBXContainerItemProxy */ = {
			isa = PBXContainerItemProxy;
			containerPortal = C1B07A522B13959B00074FAF /* Project object */;
			proxyType = 1;
			remoteGlobalIDString = C1B07A592B13959B00074FAF;
			remoteInfo = personalEncyclopedia;
		};
		C1B07A752B13959C00074FAF /* PBXContainerItemProxy */ = {
			isa = PBXContainerItemProxy;
			containerPortal = C1B07A522B13959B00074FAF /* Project object */;
			proxyType = 1;
			remoteGlobalIDString = C1B07A592B13959B00074FAF;
			remoteInfo = personalEncyclopedia;
		};
/* End PBXContainerItemProxy section */

/* Begin PBXFileReference section */
		C1B07A5A2B13959B00074FAF /* personalEncyclopedia.app */ = {isa = PBXFileReference; explicitFileType = wrapper.application; includeInIndex = 0; path = personalEncyclopedia.app; sourceTree = BUILT_PRODUCTS_DIR; };
		C1B07A5D2B13959B00074FAF /* personalEncyclopediaApp.swift */ = {isa = PBXFileReference; lastKnownFileType = sourcecode.swift; path = personalEncyclopediaApp.swift; sourceTree = "<group>"; };
		C1B07A612B13959C00074FAF /* Assets.xcassets */ = {isa = PBXFileReference; lastKnownFileType = folder.assetcatalog; path = Assets.xcassets; sourceTree = "<group>"; };
		C1B07A642B13959C00074FAF /* Preview Assets.xcassets */ = {isa = PBXFileReference; lastKnownFileType = folder.assetcatalog; path = "Preview Assets.xcassets"; sourceTree = "<group>"; };
		C1B07A6A2B13959C00074FAF /* personalEncyclopediaTests.xctest */ = {isa = PBXFileReference; explicitFileType = wrapper.cfbundle; includeInIndex = 0; path = personalEncyclopediaTests.xctest; sourceTree = BUILT_PRODUCTS_DIR; };
		C1B07A6E2B13959C00074FAF /* personalEncyclopediaTests.swift */ = {isa = PBXFileReference; lastKnownFileType = sourcecode.swift; path = personalEncyclopediaTests.swift; sourceTree = "<group>"; };
		C1B07A742B13959C00074FAF /* personalEncyclopediaUITests.xctest */ = {isa = PBXFileReference; explicitFileType = wrapper.cfbundle; includeInIndex = 0; path = personalEncyclopediaUITests.xctest; sourceTree = BUILT_PRODUCTS_DIR; };
		C1B07A782B13959C00074FAF /* personalEncyclopediaUITests.swift */ = {isa = PBXFileReference; lastKnownFileType = sourcecode.swift; path = personalEncyclopediaUITests.swift; sourceTree = "<group>"; };
		C1B07A7A2B13959C00074FAF /* personalEncyclopediaUITestsLaunchTests.swift */ = {isa = PBXFileReference; lastKnownFileType = sourcecode.swift; path = personalEncyclopediaUITestsLaunchTests.swift; sourceTree = "<group>"; };
		C1B07A8B2B1396B500074FAF /* bottom_sheet.swift */ = {isa = PBXFileReference; lastKnownFileType = sourcecode.swift; path = bottom_sheet.swift; sourceTree = "<group>"; };
		C1B07A8E2B1397D900074FAF /* tab_view_with_pagination.swift */ = {isa = PBXFileReference; lastKnownFileType = sourcecode.swift; path = tab_view_with_pagination.swift; sourceTree = "<group>"; };
		C1B07A942B13994C00074FAF /* without_modifier.swift */ = {isa = PBXFileReference; lastKnownFileType = sourcecode.swift; path = without_modifier.swift; sourceTree = "<group>"; };
		C1B07A962B13996900074FAF /* with_modifier.swift */ = {isa = PBXFileReference; lastKnownFileType = sourcecode.swift; path = with_modifier.swift; sourceTree = "<group>"; };
		C1B07A992B139A5500074FAF /* receiving_generic_params.swift */ = {isa = PBXFileReference; lastKnownFileType = sourcecode.swift; path = receiving_generic_params.swift; sourceTree = "<group>"; };
		C1B07A9D2B139B0000074FAF /* breathing_circles.swift */ = {isa = PBXFileReference; lastKnownFileType = sourcecode.swift; path = breathing_circles.swift; sourceTree = "<group>"; };
		C1B07A9F2B139B3E00074FAF /* record_player_with_anchor.swift */ = {isa = PBXFileReference; lastKnownFileType = sourcecode.swift; path = record_player_with_anchor.swift; sourceTree = "<group>"; };
		C1B07AA22B139B8200074FAF /* vitrola_add_ancora_nas_animacoes.m4a */ = {isa = PBXFileReference; lastKnownFileType = file; path = vitrola_add_ancora_nas_animacoes.m4a; sourceTree = "<group>"; };
		C1B07AA62B139D4A00074FAF /* color_animation_hue_rotation.swift */ = {isa = PBXFileReference; lastKnownFileType = sourcecode.swift; path = color_animation_hue_rotation.swift; sourceTree = "<group>"; };
		C1B07AAA2B139F0300074FAF /* breathing_flower_with_emitter.swift */ = {isa = PBXFileReference; lastKnownFileType = sourcecode.swift; path = breathing_flower_with_emitter.swift; sourceTree = "<group>"; };
		C1B07AAE2B139F8900074FAF /* flying_bird.swift */ = {isa = PBXFileReference; lastKnownFileType = sourcecode.swift; path = flying_bird.swift; sourceTree = "<group>"; };
		C1B07AB22B139FEA00074FAF /* sprite_kit_physics.swift */ = {isa = PBXFileReference; lastKnownFileType = sourcecode.swift; path = sprite_kit_physics.swift; sourceTree = "<group>"; };
		C1B07AB72B13A08D00074FAF /* Color+.swift */ = {isa = PBXFileReference; lastKnownFileType = sourcecode.swift; path = "Color+.swift"; sourceTree = "<group>"; };
/* End PBXFileReference section */

/* Begin PBXFrameworksBuildPhase section */
		C1B07A572B13959B00074FAF /* Frameworks */ = {
			isa = PBXFrameworksBuildPhase;
			buildActionMask = 2147483647;
			files = (
			);
			runOnlyForDeploymentPostprocessing = 0;
		};
		C1B07A672B13959C00074FAF /* Frameworks */ = {
			isa = PBXFrameworksBuildPhase;
			buildActionMask = 2147483647;
			files = (
			);
			runOnlyForDeploymentPostprocessing = 0;
		};
		C1B07A712B13959C00074FAF /* Frameworks */ = {
			isa = PBXFrameworksBuildPhase;
			buildActionMask = 2147483647;
			files = (
			);
			runOnlyForDeploymentPostprocessing = 0;
		};
/* End PBXFrameworksBuildPhase section */

/* Begin PBXGroup section */
		C1B07A512B13959B00074FAF = {
			isa = PBXGroup;
			children = (
				C1B07A872B13967800074FAF /* Source */,
				C1B07A5C2B13959B00074FAF /* personalEncyclopedia */,
				C1B07A6D2B13959C00074FAF /* personalEncyclopediaTests */,
				C1B07A772B13959C00074FAF /* personalEncyclopediaUITests */,
				C1B07A5B2B13959B00074FAF /* Products */,
			);
			sourceTree = "<group>";
		};
		C1B07A5B2B13959B00074FAF /* Products */ = {
			isa = PBXGroup;
			children = (
				C1B07A5A2B13959B00074FAF /* personalEncyclopedia.app */,
				C1B07A6A2B13959C00074FAF /* personalEncyclopediaTests.xctest */,
				C1B07A742B13959C00074FAF /* personalEncyclopediaUITests.xctest */,
			);
			name = Products;
			sourceTree = "<group>";
		};
		C1B07A5C2B13959B00074FAF /* personalEncyclopedia */ = {
			isa = PBXGroup;
			children = (
				C1B07A5D2B13959B00074FAF /* personalEncyclopediaApp.swift */,
				C1B07A612B13959C00074FAF /* Assets.xcassets */,
				C1B07A632B13959C00074FAF /* Preview Content */,
			);
			path = personalEncyclopedia;
			sourceTree = "<group>";
		};
		C1B07A632B13959C00074FAF /* Preview Content */ = {
			isa = PBXGroup;
			children = (
				C1B07A642B13959C00074FAF /* Preview Assets.xcassets */,
			);
			path = "Preview Content";
			sourceTree = "<group>";
		};
		C1B07A6D2B13959C00074FAF /* personalEncyclopediaTests */ = {
			isa = PBXGroup;
			children = (
				C1B07A6E2B13959C00074FAF /* personalEncyclopediaTests.swift */,
			);
			path = personalEncyclopediaTests;
			sourceTree = "<group>";
		};
		C1B07A772B13959C00074FAF /* personalEncyclopediaUITests */ = {
			isa = PBXGroup;
			children = (
				C1B07A782B13959C00074FAF /* personalEncyclopediaUITests.swift */,
				C1B07A7A2B13959C00074FAF /* personalEncyclopediaUITestsLaunchTests.swift */,
			);
			path = personalEncyclopediaUITests;
			sourceTree = "<group>";
		};
		C1B07A872B13967800074FAF /* Source */ = {
			isa = PBXGroup;
			children = (
				C1B07A882B13968D00074FAF /* SwiftUI */,
			);
			path = Source;
			sourceTree = "<group>";
		};
		C1B07A882B13968D00074FAF /* SwiftUI */ = {
			isa = PBXGroup;
			children = (
				C1B07AB62B13A08600074FAF /* Extensions */,
				C1B07A9B2B139AF100074FAF /* Animations */,
				C1B07A902B1398CA00074FAF /* Utils */,
				C1B07A892B1396A600074FAF /* Views */,
			);
			path = SwiftUI;
			sourceTree = "<group>";
		};
		C1B07A892B1396A600074FAF /* Views */ = {
			isa = PBXGroup;
			children = (
				C1B07A8B2B1396B500074FAF /* bottom_sheet.swift */,
				C1B07A8E2B1397D900074FAF /* tab_view_with_pagination.swift */,
			);
			path = Views;
			sourceTree = "<group>";
		};
		C1B07A902B1398CA00074FAF /* Utils */ = {
			isa = PBXGroup;
			children = (
				C1B07A982B139A4A00074FAF /* receiving_generic_params */,
				C1B07A932B13993A00074FAF /* finding_view_size */,
			);
			path = Utils;
			sourceTree = "<group>";
		};
		C1B07A932B13993A00074FAF /* finding_view_size */ = {
			isa = PBXGroup;
			children = (
				C1B07A942B13994C00074FAF /* without_modifier.swift */,
				C1B07A962B13996900074FAF /* with_modifier.swift */,
			);
			path = finding_view_size;
			sourceTree = "<group>";
		};
		C1B07A982B139A4A00074FAF /* receiving_generic_params */ = {
			isa = PBXGroup;
			children = (
				C1B07A992B139A5500074FAF /* receiving_generic_params.swift */,
			);
			path = receiving_generic_params;
			sourceTree = "<group>";
		};
		C1B07A9B2B139AF100074FAF /* Animations */ = {
			isa = PBXGroup;
			children = (
				C1B07AA12B139B7200074FAF /* record_player_with_anchor */,
				C1B07A9D2B139B0000074FAF /* breathing_circles.swift */,
				C1B07AA62B139D4A00074FAF /* color_animation_hue_rotation.swift */,
				C1B07AAA2B139F0300074FAF /* breathing_flower_with_emitter.swift */,
				C1B07AAE2B139F8900074FAF /* flying_bird.swift */,
				C1B07AB22B139FEA00074FAF /* sprite_kit_physics.swift */,
			);
			path = Animations;
			sourceTree = "<group>";
		};
		C1B07AA12B139B7200074FAF /* record_player_with_anchor */ = {
			isa = PBXGroup;
			children = (
				C1B07AA22B139B8200074FAF /* vitrola_add_ancora_nas_animacoes.m4a */,
				C1B07A9F2B139B3E00074FAF /* record_player_with_anchor.swift */,
			);
			path = record_player_with_anchor;
			sourceTree = "<group>";
		};
		C1B07AB62B13A08600074FAF /* Extensions */ = {
			isa = PBXGroup;
			children = (
				C1B07AB72B13A08D00074FAF /* Color+.swift */,
			);
			path = Extensions;
			sourceTree = "<group>";
		};
/* End PBXGroup section */

/* Begin PBXNativeTarget section */
		C1B07A592B13959B00074FAF /* personalEncyclopedia */ = {
			isa = PBXNativeTarget;
			buildConfigurationList = C1B07A7E2B13959C00074FAF /* Build configuration list for PBXNativeTarget "personalEncyclopedia" */;
			buildPhases = (
				C1B07A562B13959B00074FAF /* Sources */,
				C1B07A572B13959B00074FAF /* Frameworks */,
				C1B07A582B13959B00074FAF /* Resources */,
			);
			buildRules = (
			);
			dependencies = (
			);
			name = personalEncyclopedia;
			productName = personalEncyclopedia;
			productReference = C1B07A5A2B13959B00074FAF /* personalEncyclopedia.app */;
			productType = "com.apple.product-type.application";
		};
		C1B07A692B13959C00074FAF /* personalEncyclopediaTests */ = {
			isa = PBXNativeTarget;
			buildConfigurationList = C1B07A812B13959C00074FAF /* Build configuration list for PBXNativeTarget "personalEncyclopediaTests" */;
			buildPhases = (
				C1B07A662B13959C00074FAF /* Sources */,
				C1B07A672B13959C00074FAF /* Frameworks */,
				C1B07A682B13959C00074FAF /* Resources */,
			);
			buildRules = (
			);
			dependencies = (
				C1B07A6C2B13959C00074FAF /* PBXTargetDependency */,
			);
			name = personalEncyclopediaTests;
			productName = personalEncyclopediaTests;
			productReference = C1B07A6A2B13959C00074FAF /* personalEncyclopediaTests.xctest */;
			productType = "com.apple.product-type.bundle.unit-test";
		};
		C1B07A732B13959C00074FAF /* personalEncyclopediaUITests */ = {
			isa = PBXNativeTarget;
			buildConfigurationList = C1B07A842B13959C00074FAF /* Build configuration list for PBXNativeTarget "personalEncyclopediaUITests" */;
			buildPhases = (
				C1B07A702B13959C00074FAF /* Sources */,
				C1B07A712B13959C00074FAF /* Frameworks */,
				C1B07A722B13959C00074FAF /* Resources */,
			);
			buildRules = (
			);
			dependencies = (
				C1B07A762B13959C00074FAF /* PBXTargetDependency */,
			);
			name = personalEncyclopediaUITests;
			productName = personalEncyclopediaUITests;
			productReference = C1B07A742B13959C00074FAF /* personalEncyclopediaUITests.xctest */;
			productType = "com.apple.product-type.bundle.ui-testing";
		};
/* End PBXNativeTarget section */

/* Begin PBXProject section */
		C1B07A522B13959B00074FAF /* Project object */ = {
			isa = PBXProject;
			attributes = {
				BuildIndependentTargetsInParallel = 1;
				LastSwiftUpdateCheck = 1430;
				LastUpgradeCheck = 1430;
				TargetAttributes = {
					C1B07A592B13959B00074FAF = {
						CreatedOnToolsVersion = 14.3.1;
					};
					C1B07A692B13959C00074FAF = {
						CreatedOnToolsVersion = 14.3.1;
						TestTargetID = C1B07A592B13959B00074FAF;
					};
					C1B07A732B13959C00074FAF = {
						CreatedOnToolsVersion = 14.3.1;
						TestTargetID = C1B07A592B13959B00074FAF;
					};
				};
			};
			buildConfigurationList = C1B07A552B13959B00074FAF /* Build configuration list for PBXProject "personalEncyclopedia" */;
			compatibilityVersion = "Xcode 14.0";
			developmentRegion = en;
			hasScannedForEncodings = 0;
			knownRegions = (
				en,
				Base,
			);
			mainGroup = C1B07A512B13959B00074FAF;
			productRefGroup = C1B07A5B2B13959B00074FAF /* Products */;
			projectDirPath = "";
			projectRoot = "";
			targets = (
				C1B07A592B13959B00074FAF /* personalEncyclopedia */,
				C1B07A692B13959C00074FAF /* personalEncyclopediaTests */,
				C1B07A732B13959C00074FAF /* personalEncyclopediaUITests */,
			);
		};
/* End PBXProject section */

/* Begin PBXResourcesBuildPhase section */
		C1B07A582B13959B00074FAF /* Resources */ = {
			isa = PBXResourcesBuildPhase;
			buildActionMask = 2147483647;
			files = (
				C1B07A652B13959C00074FAF /* Preview Assets.xcassets in Resources */,
				C1B07A622B13959C00074FAF /* Assets.xcassets in Resources */,
				C1B07AA32B139B8200074FAF /* vitrola_add_ancora_nas_animacoes.m4a in Resources */,
			);
			runOnlyForDeploymentPostprocessing = 0;
		};
		C1B07A682B13959C00074FAF /* Resources */ = {
			isa = PBXResourcesBuildPhase;
			buildActionMask = 2147483647;
			files = (
				C1B07AA42B139B8200074FAF /* vitrola_add_ancora_nas_animacoes.m4a in Resources */,
			);
			runOnlyForDeploymentPostprocessing = 0;
		};
		C1B07A722B13959C00074FAF /* Resources */ = {
			isa = PBXResourcesBuildPhase;
			buildActionMask = 2147483647;
			files = (
				C1B07AA52B139B8200074FAF /* vitrola_add_ancora_nas_animacoes.m4a in Resources */,
			);
			runOnlyForDeploymentPostprocessing = 0;
		};
/* End PBXResourcesBuildPhase section */

/* Begin PBXSourcesBuildPhase section */
		C1B07A562B13959B00074FAF /* Sources */ = {
			isa = PBXSourcesBuildPhase;
			buildActionMask = 2147483647;
			files = (
				C1B07A9A2B139A5500074FAF /* receiving_generic_params.swift in Sources */,
				C1B07AAF2B139F8900074FAF /* flying_bird.swift in Sources */,
				C1B07A952B13994C00074FAF /* without_modifier.swift in Sources */,
				C1B07AB32B139FEA00074FAF /* sprite_kit_physics.swift in Sources */,
				C1B07A9E2B139B0000074FAF /* breathing_circles.swift in Sources */,
				C1B07AA02B139B3E00074FAF /* record_player_with_anchor.swift in Sources */,
				C1B07AAB2B139F0300074FAF /* breathing_flower_with_emitter.swift in Sources */,
				C1B07A972B13996900074FAF /* with_modifier.swift in Sources */,
				C1B07A8C2B1396B500074FAF /* bottom_sheet.swift in Sources */,
				C1B07A8F2B1397D900074FAF /* tab_view_with_pagination.swift in Sources */,
				C1B07AB82B13A08D00074FAF /* Color+.swift in Sources */,
				C1B07AA72B139D4A00074FAF /* color_animation_hue_rotation.swift in Sources */,
				C1B07A5E2B13959B00074FAF /* personalEncyclopediaApp.swift in Sources */,
			);
			runOnlyForDeploymentPostprocessing = 0;
		};
		C1B07A662B13959C00074FAF /* Sources */ = {
			isa = PBXSourcesBuildPhase;
			buildActionMask = 2147483647;
			files = (
				C1B07AAC2B139F0300074FAF /* breathing_flower_with_emitter.swift in Sources */,
				C1B07AB92B13A08D00074FAF /* Color+.swift in Sources */,
				C1B07AB02B139F8900074FAF /* flying_bird.swift in Sources */,
				C1B07AB42B139FEA00074FAF /* sprite_kit_physics.swift in Sources */,
				C1B07A6F2B13959C00074FAF /* personalEncyclopediaTests.swift in Sources */,
				C1B07AA82B139D4A00074FAF /* color_animation_hue_rotation.swift in Sources */,
			);
			runOnlyForDeploymentPostprocessing = 0;
		};
		C1B07A702B13959C00074FAF /* Sources */ = {
			isa = PBXSourcesBuildPhase;
			buildActionMask = 2147483647;
			files = (
				C1B07ABA2B13A08D00074FAF /* Color+.swift in Sources */,
				C1B07AAD2B139F0300074FAF /* breathing_flower_with_emitter.swift in Sources */,
				C1B07AB12B139F8900074FAF /* flying_bird.swift in Sources */,
				C1B07A7B2B13959C00074FAF /* personalEncyclopediaUITestsLaunchTests.swift in Sources */,
				C1B07AB52B139FEA00074FAF /* sprite_kit_physics.swift in Sources */,
				C1B07AA92B139D4A00074FAF /* color_animation_hue_rotation.swift in Sources */,
				C1B07A792B13959C00074FAF /* personalEncyclopediaUITests.swift in Sources */,
			);
			runOnlyForDeploymentPostprocessing = 0;
		};
/* End PBXSourcesBuildPhase section */

/* Begin PBXTargetDependency section */
		C1B07A6C2B13959C00074FAF /* PBXTargetDependency */ = {
			isa = PBXTargetDependency;
			target = C1B07A592B13959B00074FAF /* personalEncyclopedia */;
			targetProxy = C1B07A6B2B13959C00074FAF /* PBXContainerItemProxy */;
		};
		C1B07A762B13959C00074FAF /* PBXTargetDependency */ = {
			isa = PBXTargetDependency;
			target = C1B07A592B13959B00074FAF /* personalEncyclopedia */;
			targetProxy = C1B07A752B13959C00074FAF /* PBXContainerItemProxy */;
		};
/* End PBXTargetDependency section */

/* Begin XCBuildConfiguration section */
		C1B07A7C2B13959C00074FAF /* Debug */ = {
			isa = XCBuildConfiguration;
			buildSettings = {
				ALWAYS_SEARCH_USER_PATHS = NO;
				CLANG_ANALYZER_NONNULL = YES;
				CLANG_ANALYZER_NUMBER_OBJECT_CONVERSION = YES_AGGRESSIVE;
				CLANG_CXX_LANGUAGE_STANDARD = "gnu++20";
				CLANG_ENABLE_MODULES = YES;
				CLANG_ENABLE_OBJC_ARC = YES;
				CLANG_ENABLE_OBJC_WEAK = YES;
				CLANG_WARN_BLOCK_CAPTURE_AUTORELEASING = YES;
				CLANG_WARN_BOOL_CONVERSION = YES;
				CLANG_WARN_COMMA = YES;
				CLANG_WARN_CONSTANT_CONVERSION = YES;
				CLANG_WARN_DEPRECATED_OBJC_IMPLEMENTATIONS = YES;
				CLANG_WARN_DIRECT_OBJC_ISA_USAGE = YES_ERROR;
				CLANG_WARN_DOCUMENTATION_COMMENTS = YES;
				CLANG_WARN_EMPTY_BODY = YES;
				CLANG_WARN_ENUM_CONVERSION = YES;
				CLANG_WARN_INFINITE_RECURSION = YES;
				CLANG_WARN_INT_CONVERSION = YES;
				CLANG_WARN_NON_LITERAL_NULL_CONVERSION = YES;
				CLANG_WARN_OBJC_IMPLICIT_RETAIN_SELF = YES;
				CLANG_WARN_OBJC_LITERAL_CONVERSION = YES;
				CLANG_WARN_OBJC_ROOT_CLASS = YES_ERROR;
				CLANG_WARN_QUOTED_INCLUDE_IN_FRAMEWORK_HEADER = YES;
				CLANG_WARN_RANGE_LOOP_ANALYSIS = YES;
				CLANG_WARN_STRICT_PROTOTYPES = YES;
				CLANG_WARN_SUSPICIOUS_MOVE = YES;
				CLANG_WARN_UNGUARDED_AVAILABILITY = YES_AGGRESSIVE;
				CLANG_WARN_UNREACHABLE_CODE = YES;
				CLANG_WARN__DUPLICATE_METHOD_MATCH = YES;
				COPY_PHASE_STRIP = NO;
				DEBUG_INFORMATION_FORMAT = dwarf;
				ENABLE_STRICT_OBJC_MSGSEND = YES;
				ENABLE_TESTABILITY = YES;
				GCC_C_LANGUAGE_STANDARD = gnu11;
				GCC_DYNAMIC_NO_PIC = NO;
				GCC_NO_COMMON_BLOCKS = YES;
				GCC_OPTIMIZATION_LEVEL = 0;
				GCC_PREPROCESSOR_DEFINITIONS = (
					"DEBUG=1",
					"$(inherited)",
				);
				GCC_WARN_64_TO_32_BIT_CONVERSION = YES;
				GCC_WARN_ABOUT_RETURN_TYPE = YES_ERROR;
				GCC_WARN_UNDECLARED_SELECTOR = YES;
				GCC_WARN_UNINITIALIZED_AUTOS = YES_AGGRESSIVE;
				GCC_WARN_UNUSED_FUNCTION = YES;
				GCC_WARN_UNUSED_VARIABLE = YES;
				IPHONEOS_DEPLOYMENT_TARGET = 16.4;
				MTL_ENABLE_DEBUG_INFO = INCLUDE_SOURCE;
				MTL_FAST_MATH = YES;
				ONLY_ACTIVE_ARCH = YES;
				SDKROOT = iphoneos;
				SWIFT_ACTIVE_COMPILATION_CONDITIONS = DEBUG;
				SWIFT_OPTIMIZATION_LEVEL = "-Onone";
			};
			name = Debug;
		};
		C1B07A7D2B13959C00074FAF /* Release */ = {
			isa = XCBuildConfiguration;
			buildSettings = {
				ALWAYS_SEARCH_USER_PATHS = NO;
				CLANG_ANALYZER_NONNULL = YES;
				CLANG_ANALYZER_NUMBER_OBJECT_CONVERSION = YES_AGGRESSIVE;
				CLANG_CXX_LANGUAGE_STANDARD = "gnu++20";
				CLANG_ENABLE_MODULES = YES;
				CLANG_ENABLE_OBJC_ARC = YES;
				CLANG_ENABLE_OBJC_WEAK = YES;
				CLANG_WARN_BLOCK_CAPTURE_AUTORELEASING = YES;
				CLANG_WARN_BOOL_CONVERSION = YES;
				CLANG_WARN_COMMA = YES;
				CLANG_WARN_CONSTANT_CONVERSION = YES;
				CLANG_WARN_DEPRECATED_OBJC_IMPLEMENTATIONS = YES;
				CLANG_WARN_DIRECT_OBJC_ISA_USAGE = YES_ERROR;
				CLANG_WARN_DOCUMENTATION_COMMENTS = YES;
				CLANG_WARN_EMPTY_BODY = YES;
				CLANG_WARN_ENUM_CONVERSION = YES;
				CLANG_WARN_INFINITE_RECURSION = YES;
				CLANG_WARN_INT_CONVERSION = YES;
				CLANG_WARN_NON_LITERAL_NULL_CONVERSION = YES;
				CLANG_WARN_OBJC_IMPLICIT_RETAIN_SELF = YES;
				CLANG_WARN_OBJC_LITERAL_CONVERSION = YES;
				CLANG_WARN_OBJC_ROOT_CLASS = YES_ERROR;
				CLANG_WARN_QUOTED_INCLUDE_IN_FRAMEWORK_HEADER = YES;
				CLANG_WARN_RANGE_LOOP_ANALYSIS = YES;
				CLANG_WARN_STRICT_PROTOTYPES = YES;
				CLANG_WARN_SUSPICIOUS_MOVE = YES;
				CLANG_WARN_UNGUARDED_AVAILABILITY = YES_AGGRESSIVE;
				CLANG_WARN_UNREACHABLE_CODE = YES;
				CLANG_WARN__DUPLICATE_METHOD_MATCH = YES;
				COPY_PHASE_STRIP = NO;
				DEBUG_INFORMATION_FORMAT = "dwarf-with-dsym";
				ENABLE_NS_ASSERTIONS = NO;
				ENABLE_STRICT_OBJC_MSGSEND = YES;
				GCC_C_LANGUAGE_STANDARD = gnu11;
				GCC_NO_COMMON_BLOCKS = YES;
				GCC_WARN_64_TO_32_BIT_CONVERSION = YES;
				GCC_WARN_ABOUT_RETURN_TYPE = YES_ERROR;
				GCC_WARN_UNDECLARED_SELECTOR = YES;
				GCC_WARN_UNINITIALIZED_AUTOS = YES_AGGRESSIVE;
				GCC_WARN_UNUSED_FUNCTION = YES;
				GCC_WARN_UNUSED_VARIABLE = YES;
				IPHONEOS_DEPLOYMENT_TARGET = 16.4;
				MTL_ENABLE_DEBUG_INFO = NO;
				MTL_FAST_MATH = YES;
				SDKROOT = iphoneos;
				SWIFT_COMPILATION_MODE = wholemodule;
				SWIFT_OPTIMIZATION_LEVEL = "-O";
				VALIDATE_PRODUCT = YES;
			};
			name = Release;
		};
		C1B07A7F2B13959C00074FAF /* Debug */ = {
			isa = XCBuildConfiguration;
			buildSettings = {
				ASSETCATALOG_COMPILER_APPICON_NAME = AppIcon;
				ASSETCATALOG_COMPILER_GLOBAL_ACCENT_COLOR_NAME = AccentColor;
				CODE_SIGN_STYLE = Automatic;
				CURRENT_PROJECT_VERSION = 1;
				DEVELOPMENT_ASSET_PATHS = "\"personalEncyclopedia/Preview Content\"";
				DEVELOPMENT_TEAM = QQ6QSKRB6L;
				ENABLE_PREVIEWS = YES;
				GENERATE_INFOPLIST_FILE = YES;
				INFOPLIST_KEY_UIApplicationSceneManifest_Generation = YES;
				INFOPLIST_KEY_UIApplicationSupportsIndirectInputEvents = YES;
				INFOPLIST_KEY_UILaunchScreen_Generation = YES;
				INFOPLIST_KEY_UISupportedInterfaceOrientations_iPad = "UIInterfaceOrientationPortrait UIInterfaceOrientationPortraitUpsideDown UIInterfaceOrientationLandscapeLeft UIInterfaceOrientationLandscapeRight";
				INFOPLIST_KEY_UISupportedInterfaceOrientations_iPhone = "UIInterfaceOrientationPortrait UIInterfaceOrientationLandscapeLeft UIInterfaceOrientationLandscapeRight";
				LD_RUNPATH_SEARCH_PATHS = (
					"$(inherited)",
					"@executable_path/Frameworks",
				);
				MARKETING_VERSION = 1.0;
				PRODUCT_BUNDLE_IDENTIFIER = com.hugosilvag6.personalEncyclopedia;
				PRODUCT_NAME = "$(TARGET_NAME)";
				SWIFT_EMIT_LOC_STRINGS = YES;
				SWIFT_VERSION = 5.0;
				TARGETED_DEVICE_FAMILY = "1,2";
			};
			name = Debug;
		};
		C1B07A802B13959C00074FAF /* Release */ = {
			isa = XCBuildConfiguration;
			buildSettings = {
				ASSETCATALOG_COMPILER_APPICON_NAME = AppIcon;
				ASSETCATALOG_COMPILER_GLOBAL_ACCENT_COLOR_NAME = AccentColor;
				CODE_SIGN_STYLE = Automatic;
				CURRENT_PROJECT_VERSION = 1;
				DEVELOPMENT_ASSET_PATHS = "\"personalEncyclopedia/Preview Content\"";
				DEVELOPMENT_TEAM = QQ6QSKRB6L;
				ENABLE_PREVIEWS = YES;
				GENERATE_INFOPLIST_FILE = YES;
				INFOPLIST_KEY_UIApplicationSceneManifest_Generation = YES;
				INFOPLIST_KEY_UIApplicationSupportsIndirectInputEvents = YES;
				INFOPLIST_KEY_UILaunchScreen_Generation = YES;
				INFOPLIST_KEY_UISupportedInterfaceOrientations_iPad = "UIInterfaceOrientationPortrait UIInterfaceOrientationPortraitUpsideDown UIInterfaceOrientationLandscapeLeft UIInterfaceOrientationLandscapeRight";
				INFOPLIST_KEY_UISupportedInterfaceOrientations_iPhone = "UIInterfaceOrientationPortrait UIInterfaceOrientationLandscapeLeft UIInterfaceOrientationLandscapeRight";
				LD_RUNPATH_SEARCH_PATHS = (
					"$(inherited)",
					"@executable_path/Frameworks",
				);
				MARKETING_VERSION = 1.0;
				PRODUCT_BUNDLE_IDENTIFIER = com.hugosilvag6.personalEncyclopedia;
				PRODUCT_NAME = "$(TARGET_NAME)";
				SWIFT_EMIT_LOC_STRINGS = YES;
				SWIFT_VERSION = 5.0;
				TARGETED_DEVICE_FAMILY = "1,2";
			};
			name = Release;
		};
		C1B07A822B13959C00074FAF /* Debug */ = {
			isa = XCBuildConfiguration;
			buildSettings = {
				ALWAYS_EMBED_SWIFT_STANDARD_LIBRARIES = YES;
				BUNDLE_LOADER = "$(TEST_HOST)";
				CODE_SIGN_STYLE = Automatic;
				CURRENT_PROJECT_VERSION = 1;
				DEVELOPMENT_TEAM = QQ6QSKRB6L;
				GENERATE_INFOPLIST_FILE = YES;
				IPHONEOS_DEPLOYMENT_TARGET = 16.4;
				MARKETING_VERSION = 1.0;
				PRODUCT_BUNDLE_IDENTIFIER = com.hugosilvag6.personalEncyclopediaTests;
				PRODUCT_NAME = "$(TARGET_NAME)";
				SWIFT_EMIT_LOC_STRINGS = NO;
				SWIFT_VERSION = 5.0;
				TARGETED_DEVICE_FAMILY = "1,2";
				TEST_HOST = "$(BUILT_PRODUCTS_DIR)/personalEncyclopedia.app/$(BUNDLE_EXECUTABLE_FOLDER_PATH)/personalEncyclopedia";
			};
			name = Debug;
		};
		C1B07A832B13959C00074FAF /* Release */ = {
			isa = XCBuildConfiguration;
			buildSettings = {
				ALWAYS_EMBED_SWIFT_STANDARD_LIBRARIES = YES;
				BUNDLE_LOADER = "$(TEST_HOST)";
				CODE_SIGN_STYLE = Automatic;
				CURRENT_PROJECT_VERSION = 1;
				DEVELOPMENT_TEAM = QQ6QSKRB6L;
				GENERATE_INFOPLIST_FILE = YES;
				IPHONEOS_DEPLOYMENT_TARGET = 16.4;
				MARKETING_VERSION = 1.0;
				PRODUCT_BUNDLE_IDENTIFIER = com.hugosilvag6.personalEncyclopediaTests;
				PRODUCT_NAME = "$(TARGET_NAME)";
				SWIFT_EMIT_LOC_STRINGS = NO;
				SWIFT_VERSION = 5.0;
				TARGETED_DEVICE_FAMILY = "1,2";
				TEST_HOST = "$(BUILT_PRODUCTS_DIR)/personalEncyclopedia.app/$(BUNDLE_EXECUTABLE_FOLDER_PATH)/personalEncyclopedia";
			};
			name = Release;
		};
		C1B07A852B13959C00074FAF /* Debug */ = {
			isa = XCBuildConfiguration;
			buildSettings = {
				ALWAYS_EMBED_SWIFT_STANDARD_LIBRARIES = YES;
				CODE_SIGN_STYLE = Automatic;
				CURRENT_PROJECT_VERSION = 1;
				DEVELOPMENT_TEAM = QQ6QSKRB6L;
				GENERATE_INFOPLIST_FILE = YES;
				MARKETING_VERSION = 1.0;
				PRODUCT_BUNDLE_IDENTIFIER = com.hugosilvag6.personalEncyclopediaUITests;
				PRODUCT_NAME = "$(TARGET_NAME)";
				SWIFT_EMIT_LOC_STRINGS = NO;
				SWIFT_VERSION = 5.0;
				TARGETED_DEVICE_FAMILY = "1,2";
				TEST_TARGET_NAME = personalEncyclopedia;
			};
			name = Debug;
		};
		C1B07A862B13959C00074FAF /* Release */ = {
			isa = XCBuildConfiguration;
			buildSettings = {
				ALWAYS_EMBED_SWIFT_STANDARD_LIBRARIES = YES;
				CODE_SIGN_STYLE = Automatic;
				CURRENT_PROJECT_VERSION = 1;
				DEVELOPMENT_TEAM = QQ6QSKRB6L;
				GENERATE_INFOPLIST_FILE = YES;
				MARKETING_VERSION = 1.0;
				PRODUCT_BUNDLE_IDENTIFIER = com.hugosilvag6.personalEncyclopediaUITests;
				PRODUCT_NAME = "$(TARGET_NAME)";
				SWIFT_EMIT_LOC_STRINGS = NO;
				SWIFT_VERSION = 5.0;
				TARGETED_DEVICE_FAMILY = "1,2";
				TEST_TARGET_NAME = personalEncyclopedia;
			};
			name = Release;
		};
/* End XCBuildConfiguration section */

/* Begin XCConfigurationList section */
		C1B07A552B13959B00074FAF /* Build configuration list for PBXProject "personalEncyclopedia" */ = {
			isa = XCConfigurationList;
			buildConfigurations = (
				C1B07A7C2B13959C00074FAF /* Debug */,
				C1B07A7D2B13959C00074FAF /* Release */,
			);
			defaultConfigurationIsVisible = 0;
			defaultConfigurationName = Release;
		};
		C1B07A7E2B13959C00074FAF /* Build configuration list for PBXNativeTarget "personalEncyclopedia" */ = {
			isa = XCConfigurationList;
			buildConfigurations = (
				C1B07A7F2B13959C00074FAF /* Debug */,
				C1B07A802B13959C00074FAF /* Release */,
			);
			defaultConfigurationIsVisible = 0;
			defaultConfigurationName = Release;
		};
		C1B07A812B13959C00074FAF /* Build configuration list for PBXNativeTarget "personalEncyclopediaTests" */ = {
			isa = XCConfigurationList;
			buildConfigurations = (
				C1B07A822B13959C00074FAF /* Debug */,
				C1B07A832B13959C00074FAF /* Release */,
			);
			defaultConfigurationIsVisible = 0;
			defaultConfigurationName = Release;
		};
		C1B07A842B13959C00074FAF /* Build configuration list for PBXNativeTarget "personalEncyclopediaUITests" */ = {
			isa = XCConfigurationList;
			buildConfigurations = (
				C1B07A852B13959C00074FAF /* Debug */,
				C1B07A862B13959C00074FAF /* Release */,
			);
			defaultConfigurationIsVisible = 0;
			defaultConfigurationName = Release;
		};
/* End XCConfigurationList section */
	};
	rootObject = C1B07A522B13959B00074FAF /* Project object */;
}
